
Microsoft Visual Studio Solution File, Format Version 12.00
# Visual Studio Version 17
VisualStudioVersion = 17.3.32901.215
MinimumVisualStudioVersion = 10.0.40219.1
Project("{FAE04EC0-301F-11D3-BF4B-00C04F79EFBC}") = "HalcyonApparelsMCDomainLayer", "HalcyonApparelsMCDomainLayer\HalcyonApparelsMCDomainLayer.csproj", "{B567A318-140C-4EA9-827D-9B716A760C34}"
EndProject
Project("{FAE04EC0-301F-11D3-BF4B-00C04F79EFBC}") = "HalcyonApparelsMCApplicationLayer", "HalcyonApparelsMCApplicationLayer\HalcyonApparelsMCApplicationLayer.csproj", "{F05032C8-A48A-45F8-942B-B74ED029262D}"
EndProject
Project("{FAE04EC0-301F-11D3-BF4B-00C04F79EFBC}") = "HalcyonApparelsMCInfrastructure", "HalcyonApparelsMCInfrastructure\HalcyonApparelsMCInfrastructure.csproj", "{B0E41446-67B6-4A3F-B00C-D6C1C64E19E9}"
EndProject
Project("{FAE04EC0-301F-11D3-BF4B-00C04F79EFBC}") = "HalcyonApparelsMCApiLayer", "HalcyonApparelsMCApiLayer\HalcyonApparelsMCApiLayer.csproj", "{6B7A35DE-39CB-40C6-BD51-9398E5B40550}"
EndProject
Global
	GlobalSection(SolutionConfigurationPlatforms) = preSolution
		Debug|Any CPU = Debug|Any CPU
		Release|Any CPU = Release|Any CPU
	EndGlobalSection
	GlobalSection(ProjectConfigurationPlatforms) = postSolution
		{B567A318-140C-4EA9-827D-9B716A760C34}.Debug|Any CPU.ActiveCfg = Debug|Any CPU
		{B567A318-140C-4EA9-827D-9B716A760C34}.Debug|Any CPU.Build.0 = Debug|Any CPU
		{B567A318-140C-4EA9-827D-9B716A760C34}.Release|Any CPU.ActiveCfg = Release|Any CPU
		{B567A318-140C-4EA9-827D-9B716A760C34}.Release|Any CPU.Build.0 = Release|Any CPU
		{F05032C8-A48A-45F8-942B-B74ED029262D}.Debug|Any CPU.ActiveCfg = Debug|Any CPU
		{F05032C8-A48A-45F8-942B-B74ED029262D}.Debug|Any CPU.Build.0 = Debug|Any CPU
		{F05032C8-A48A-45F8-942B-B74ED029262D}.Release|Any CPU.ActiveCfg = Release|Any CPU
		{F05032C8-A48A-45F8-942B-B74ED029262D}.Release|Any CPU.Build.0 = Release|Any CPU
		{B0E41446-67B6-4A3F-B00C-D6C1C64E19E9}.Debug|Any CPU.ActiveCfg = Debug|Any CPU
		{B0E41446-67B6-4A3F-B00C-D6C1C64E19E9}.Debug|Any CPU.Build.0 = Debug|Any CPU
		{B0E41446-67B6-4A3F-B00C-D6C1C64E19E9}.Release|Any CPU.ActiveCfg = Release|Any CPU
		{B0E41446-67B6-4A3F-B00C-D6C1C64E19E9}.Release|Any CPU.Build.0 = Release|Any CPU
		{6B7A35DE-39CB-40C6-BD51-9398E5B40550}.Debug|Any CPU.ActiveCfg = Debug|Any CPU
		{6B7A35DE-39CB-40C6-BD51-9398E5B40550}.Debug|Any CPU.Build.0 = Debug|Any CPU
		{6B7A35DE-39CB-40C6-BD51-9398E5B40550}.Release|Any CPU.ActiveCfg = Release|Any CPU
		{6B7A35DE-39CB-40C6-BD51-9398E5B40550}.Release|Any CPU.Build.0 = Release|Any CPU
	EndGlobalSection
	GlobalSection(SolutionProperties) = preSolution
		HideSolutionNode = FALSE
	EndGlobalSection
	GlobalSection(ExtensibilityGlobals) = postSolution
		SolutionGuid = {E16ED642-DBFD-4C91-B6EB-12A1753C8419}
	EndGlobalSection
EndGlobal
